// !$*UTF8*$!
{
	archiveVersion = 1;
	classes = {
	};
	objectVersion = 56;
	objects = {

/* Begin PBXBuildFile section */
		4EAC5856297D3F87009D6AF1 /* TaskManagementAppApp.swift in Sources */ = {isa = PBXBuildFile; fileRef = 4EAC5855297D3F87009D6AF1 /* TaskManagementAppApp.swift */; };
		4EAC585A297D3F87009D6AF1 /* Assets.xcassets in Resources */ = {isa = PBXBuildFile; fileRef = 4EAC5859297D3F87009D6AF1 /* Assets.xcassets */; };
		4EAC585D297D3F87009D6AF1 /* Preview Assets.xcassets in Resources */ = {isa = PBXBuildFile; fileRef = 4EAC585C297D3F87009D6AF1 /* Preview Assets.xcassets */; };
		4EAC586A297D4072009D6AF1 /* Ubuntu-Medium.ttf in Resources */ = {isa = PBXBuildFile; fileRef = 4EAC5866297D4072009D6AF1 /* Ubuntu-Medium.ttf */; };
		4EAC586B297D4072009D6AF1 /* Ubuntu-Bold.ttf in Resources */ = {isa = PBXBuildFile; fileRef = 4EAC5867297D4072009D6AF1 /* Ubuntu-Bold.ttf */; };
		4EAC586C297D4072009D6AF1 /* Ubuntu-Regular.ttf in Resources */ = {isa = PBXBuildFile; fileRef = 4EAC5868297D4072009D6AF1 /* Ubuntu-Regular.ttf */; };
		4EAC586D297D4072009D6AF1 /* Ubuntu-Light.ttf in Resources */ = {isa = PBXBuildFile; fileRef = 4EAC5869297D4072009D6AF1 /* Ubuntu-Light.ttf */; };
		4EAC5870297D40D3009D6AF1 /* HomeView.swift in Sources */ = {isa = PBXBuildFile; fileRef = 4EAC586F297D40D3009D6AF1 /* HomeView.swift */; };
		4EAC5873297D4159009D6AF1 /* Ubuntu.swift in Sources */ = {isa = PBXBuildFile; fileRef = 4EAC5872297D4159009D6AF1 /* Ubuntu.swift */; };
		4EAC5875297D420D009D6AF1 /* Extensions.swift in Sources */ = {isa = PBXBuildFile; fileRef = 4EAC5874297D420D009D6AF1 /* Extensions.swift */; };
		4EAC5877297D496D009D6AF1 /* Task.swift in Sources */ = {isa = PBXBuildFile; fileRef = 4EAC5876297D496D009D6AF1 /* Task.swift */; };
		4EAC587A297D4A3D009D6AF1 /* TaskCategory.swift in Sources */ = {isa = PBXBuildFile; fileRef = 4EAC5879297D4A3D009D6AF1 /* TaskCategory.swift */; };
		4EAC587C297D4CFA009D6AF1 /* AddTaskView.swift in Sources */ = {isa = PBXBuildFile; fileRef = 4EAC587B297D4CFA009D6AF1 /* AddTaskView.swift */; };
/* End PBXBuildFile section */

/* Begin PBXFileReference section */
		4EAC5852297D3F87009D6AF1 /* TaskManagementApp.app */ = {isa = PBXFileReference; explicitFileType = wrapper.application; includeInIndex = 0; path = TaskManagementApp.app; sourceTree = BUILT_PRODUCTS_DIR; };
		4EAC5855297D3F87009D6AF1 /* TaskManagementAppApp.swift */ = {isa = PBXFileReference; lastKnownFileType = sourcecode.swift; path = TaskManagementAppApp.swift; sourceTree = "<group>"; };
		4EAC5859297D3F87009D6AF1 /* Assets.xcassets */ = {isa = PBXFileReference; lastKnownFileType = folder.assetcatalog; path = Assets.xcassets; sourceTree = "<group>"; };
		4EAC585C297D3F87009D6AF1 /* Preview Assets.xcassets */ = {isa = PBXFileReference; lastKnownFileType = folder.assetcatalog; path = "Preview Assets.xcassets"; sourceTree = "<group>"; };
		4EAC5866297D4072009D6AF1 /* Ubuntu-Medium.ttf */ = {isa = PBXFileReference; lastKnownFileType = file; path = "Ubuntu-Medium.ttf"; sourceTree = "<group>"; };
		4EAC5867297D4072009D6AF1 /* Ubuntu-Bold.ttf */ = {isa = PBXFileReference; lastKnownFileType = file; path = "Ubuntu-Bold.ttf"; sourceTree = "<group>"; };
		4EAC5868297D4072009D6AF1 /* Ubuntu-Regular.ttf */ = {isa = PBXFileReference; lastKnownFileType = file; path = "Ubuntu-Regular.ttf"; sourceTree = "<group>"; };
		4EAC5869297D4072009D6AF1 /* Ubuntu-Light.ttf */ = {isa = PBXFileReference; lastKnownFileType = file; path = "Ubuntu-Light.ttf"; sourceTree = "<group>"; };
		4EAC586E297D4093009D6AF1 /* Info.plist */ = {isa = PBXFileReference; lastKnownFileType = text.plist; path = Info.plist; sourceTree = "<group>"; };
		4EAC586F297D40D3009D6AF1 /* HomeView.swift */ = {isa = PBXFileReference; lastKnownFileType = sourcecode.swift; path = HomeView.swift; sourceTree = "<group>"; };
		4EAC5872297D4159009D6AF1 /* Ubuntu.swift */ = {isa = PBXFileReference; lastKnownFileType = sourcecode.swift; path = Ubuntu.swift; sourceTree = "<group>"; };
		4EAC5874297D420D009D6AF1 /* Extensions.swift */ = {isa = PBXFileReference; lastKnownFileType = sourcecode.swift; path = Extensions.swift; sourceTree = "<group>"; };
		4EAC5876297D496D009D6AF1 /* Task.swift */ = {isa = PBXFileReference; lastKnownFileType = sourcecode.swift; path = Task.swift; sourceTree = "<group>"; };
		4EAC5879297D4A3D009D6AF1 /* TaskCategory.swift */ = {isa = PBXFileReference; lastKnownFileType = sourcecode.swift; path = TaskCategory.swift; sourceTree = "<group>"; };
		4EAC587B297D4CFA009D6AF1 /* AddTaskView.swift */ = {isa = PBXFileReference; lastKnownFileType = sourcecode.swift; path = AddTaskView.swift; sourceTree = "<group>"; };
/* End PBXFileReference section */

/* Begin PBXFrameworksBuildPhase section */
		4EAC584F297D3F87009D6AF1 /* Frameworks */ = {
			isa = PBXFrameworksBuildPhase;
			buildActionMask = 2147483647;
			files = (
			);
			runOnlyForDeploymentPostprocessing = 0;
		};
/* End PBXFrameworksBuildPhase section */

/* Begin PBXGroup section */
		4EAC5849297D3F86009D6AF1 = {
			isa = PBXGroup;
			children = (
				4EAC5854297D3F87009D6AF1 /* TaskManagementApp */,
				4EAC5853297D3F87009D6AF1 /* Products */,
			);
			sourceTree = "<group>";
		};
		4EAC5853297D3F87009D6AF1 /* Products */ = {
			isa = PBXGroup;
			children = (
				4EAC5852297D3F87009D6AF1 /* TaskManagementApp.app */,
			);
			name = Products;
			sourceTree = "<group>";
		};
		4EAC5854297D3F87009D6AF1 /* TaskManagementApp */ = {
			isa = PBXGroup;
			children = (
				4EAC5871297D40E1009D6AF1 /* Resources */,
				4EAC5865297D4033009D6AF1 /* Models */,
				4EAC5864297D4018009D6AF1 /* Views */,
				4EAC5863297D4012009D6AF1 /* Fonts */,
				4EAC586E297D4093009D6AF1 /* Info.plist */,
				4EAC585B297D3F87009D6AF1 /* Preview Content */,
			);
			path = TaskManagementApp;
			sourceTree = "<group>";
		};
		4EAC585B297D3F87009D6AF1 /* Preview Content */ = {
			isa = PBXGroup;
			children = (
				4EAC585C297D3F87009D6AF1 /* Preview Assets.xcassets */,
			);
			path = "Preview Content";
			sourceTree = "<group>";
		};
		4EAC5863297D4012009D6AF1 /* Fonts */ = {
			isa = PBXGroup;
			children = (
				4EAC5867297D4072009D6AF1 /* Ubuntu-Bold.ttf */,
				4EAC5869297D4072009D6AF1 /* Ubuntu-Light.ttf */,
				4EAC5866297D4072009D6AF1 /* Ubuntu-Medium.ttf */,
				4EAC5868297D4072009D6AF1 /* Ubuntu-Regular.ttf */,
			);
			path = Fonts;
			sourceTree = "<group>";
		};
		4EAC5864297D4018009D6AF1 /* Views */ = {
			isa = PBXGroup;
			children = (
				4EAC586F297D40D3009D6AF1 /* HomeView.swift */,
				4EAC587B297D4CFA009D6AF1 /* AddTaskView.swift */,
			);
			path = Views;
			sourceTree = "<group>";
		};
		4EAC5865297D4033009D6AF1 /* Models */ = {
			isa = PBXGroup;
			children = (
				4EAC5872297D4159009D6AF1 /* Ubuntu.swift */,
				4EAC5876297D496D009D6AF1 /* Task.swift */,
				4EAC5879297D4A3D009D6AF1 /* TaskCategory.swift */,
			);
			path = Models;
			sourceTree = "<group>";
		};
		4EAC5871297D40E1009D6AF1 /* Resources */ = {
			isa = PBXGroup;
			children = (
				4EAC5855297D3F87009D6AF1 /* TaskManagementAppApp.swift */,
				4EAC5859297D3F87009D6AF1 /* Assets.xcassets */,
				4EAC5874297D420D009D6AF1 /* Extensions.swift */,
			);
			path = Resources;
			sourceTree = "<group>";
		};
/* End PBXGroup section */

/* Begin PBXNativeTarget section */
		4EAC5851297D3F87009D6AF1 /* TaskManagementApp */ = {
			isa = PBXNativeTarget;
			buildConfigurationList = 4EAC5860297D3F87009D6AF1 /* Build configuration list for PBXNativeTarget "TaskManagementApp" */;
			buildPhases = (
				4EAC584E297D3F87009D6AF1 /* Sources */,
				4EAC584F297D3F87009D6AF1 /* Frameworks */,
				4EAC5850297D3F87009D6AF1 /* Resources */,
			);
			buildRules = (
			);
			dependencies = (
			);
			name = TaskManagementApp;
			productName = TaskManagementApp;
			productReference = 4EAC5852297D3F87009D6AF1 /* TaskManagementApp.app */;
			productType = "com.apple.product-type.application";
		};
/* End PBXNativeTarget section */

/* Begin PBXProject section */
		4EAC584A297D3F86009D6AF1 /* Project object */ = {
			isa = PBXProject;
			attributes = {
				BuildIndependentTargetsInParallel = 1;
				LastSwiftUpdateCheck = 1420;
				LastUpgradeCheck = 1420;
				TargetAttributes = {
					4EAC5851297D3F87009D6AF1 = {
						CreatedOnToolsVersion = 14.2;
					};
				};
			};
			buildConfigurationList = 4EAC584D297D3F86009D6AF1 /* Build configuration list for PBXProject "TaskManagementApp" */;
			compatibilityVersion = "Xcode 14.0";
			developmentRegion = en;
			hasScannedForEncodings = 0;
			knownRegions = (
				en,
				Base,
			);
			mainGroup = 4EAC5849297D3F86009D6AF1;
			productRefGroup = 4EAC5853297D3F87009D6AF1 /* Products */;
			projectDirPath = "";
			projectRoot = "";
			targets = (
				4EAC5851297D3F87009D6AF1 /* TaskManagementApp */,
			);
		};
/* End PBXProject section */

/* Begin PBXResourcesBuildPhase section */
		4EAC5850297D3F87009D6AF1 /* Resources */ = {
			isa = PBXResourcesBuildPhase;
			buildActionMask = 2147483647;
			files = (
				4EAC586A297D4072009D6AF1 /* Ubuntu-Medium.ttf in Resources */,
				4EAC586B297D4072009D6AF1 /* Ubuntu-Bold.ttf in Resources */,
				4EAC586C297D4072009D6AF1 /* Ubuntu-Regular.ttf in Resources */,
				4EAC586D297D4072009D6AF1 /* Ubuntu-Light.ttf in Resources */,
				4EAC585D297D3F87009D6AF1 /* Preview Assets.xcassets in Resources */,
				4EAC585A297D3F87009D6AF1 /* Assets.xcassets in Resources */,
			);
			runOnlyForDeploymentPostprocessing = 0;
		};
/* End PBXResourcesBuildPhase section */

/* Begin PBXSourcesBuildPhase section */
		4EAC584E297D3F87009D6AF1 /* Sources */ = {
			isa = PBXSourcesBuildPhase;
			buildActionMask = 2147483647;
			files = (
				4EAC587A297D4A3D009D6AF1 /* TaskCategory.swift in Sources */,
				4EAC587C297D4CFA009D6AF1 /* AddTaskView.swift in Sources */,
				4EAC5870297D40D3009D6AF1 /* HomeView.swift in Sources */,
				4EAC5856297D3F87009D6AF1 /* TaskManagementAppApp.swift in Sources */,
				4EAC5877297D496D009D6AF1 /* Task.swift in Sources */,
				4EAC5873297D4159009D6AF1 /* Ubuntu.swift in Sources */,
				4EAC5875297D420D009D6AF1 /* Extensions.swift in Sources */,
			);
			runOnlyForDeploymentPostprocessing = 0;
		};
/* End PBXSourcesBuildPhase section */

/* Begin XCBuildConfiguration section */
		4EAC585E297D3F87009D6AF1 /* Debug */ = {
			isa = XCBuildConfiguration;
			buildSettings = {
				ALWAYS_SEARCH_USER_PATHS = NO;
				CLANG_ANALYZER_NONNULL = YES;
				CLANG_ANALYZER_NUMBER_OBJECT_CONVERSION = YES_AGGRESSIVE;
				CLANG_CXX_LANGUAGE_STANDARD = "gnu++20";
				CLANG_ENABLE_MODULES = YES;
				CLANG_ENABLE_OBJC_ARC = YES;
				CLANG_ENABLE_OBJC_WEAK = YES;
				CLANG_WARN_BLOCK_CAPTURE_AUTORELEASING = YES;
				CLANG_WARN_BOOL_CONVERSION = YES;
				CLANG_WARN_COMMA = YES;
				CLANG_WARN_CONSTANT_CONVERSION = YES;
				CLANG_WARN_DEPRECATED_OBJC_IMPLEMENTATIONS = YES;
				CLANG_WARN_DIRECT_OBJC_ISA_USAGE = YES_ERROR;
				CLANG_WARN_DOCUMENTATION_COMMENTS = YES;
				CLANG_WARN_EMPTY_BODY = YES;
				CLANG_WARN_ENUM_CONVERSION = YES;
				CLANG_WARN_INFINITE_RECURSION = YES;
				CLANG_WARN_INT_CONVERSION = YES;
				CLANG_WARN_NON_LITERAL_NULL_CONVERSION = YES;
				CLANG_WARN_OBJC_IMPLICIT_RETAIN_SELF = YES;
				CLANG_WARN_OBJC_LITERAL_CONVERSION = YES;
				CLANG_WARN_OBJC_ROOT_CLASS = YES_ERROR;
				CLANG_WARN_QUOTED_INCLUDE_IN_FRAMEWORK_HEADER = YES;
				CLANG_WARN_RANGE_LOOP_ANALYSIS = YES;
				CLANG_WARN_STRICT_PROTOTYPES = YES;
				CLANG_WARN_SUSPICIOUS_MOVE = YES;
				CLANG_WARN_UNGUARDED_AVAILABILITY = YES_AGGRESSIVE;
				CLANG_WARN_UNREACHABLE_CODE = YES;
				CLANG_WARN__DUPLICATE_METHOD_MATCH = YES;
				COPY_PHASE_STRIP = NO;
				DEBUG_INFORMATION_FORMAT = dwarf;
				ENABLE_STRICT_OBJC_MSGSEND = YES;
				ENABLE_TESTABILITY = YES;
				GCC_C_LANGUAGE_STANDARD = gnu11;
				GCC_DYNAMIC_NO_PIC = NO;
				GCC_NO_COMMON_BLOCKS = YES;
				GCC_OPTIMIZATION_LEVEL = 0;
				GCC_PREPROCESSOR_DEFINITIONS = (
					"DEBUG=1",
					"$(inherited)",
				);
				GCC_WARN_64_TO_32_BIT_CONVERSION = YES;
				GCC_WARN_ABOUT_RETURN_TYPE = YES_ERROR;
				GCC_WARN_UNDECLARED_SELECTOR = YES;
				GCC_WARN_UNINITIALIZED_AUTOS = YES_AGGRESSIVE;
				GCC_WARN_UNUSED_FUNCTION = YES;
				GCC_WARN_UNUSED_VARIABLE = YES;
				IPHONEOS_DEPLOYMENT_TARGET = 16.2;
				MTL_ENABLE_DEBUG_INFO = INCLUDE_SOURCE;
				MTL_FAST_MATH = YES;
				ONLY_ACTIVE_ARCH = YES;
				SDKROOT = iphoneos;
				SWIFT_ACTIVE_COMPILATION_CONDITIONS = DEBUG;
				SWIFT_OPTIMIZATION_LEVEL = "-Onone";
			};
			name = Debug;
		};
		4EAC585F297D3F87009D6AF1 /* Release */ = {
			isa = XCBuildConfiguration;
			buildSettings = {
				ALWAYS_SEARCH_USER_PATHS = NO;
				CLANG_ANALYZER_NONNULL = YES;
				CLANG_ANALYZER_NUMBER_OBJECT_CONVERSION = YES_AGGRESSIVE;
				CLANG_CXX_LANGUAGE_STANDARD = "gnu++20";
				CLANG_ENABLE_MODULES = YES;
				CLANG_ENABLE_OBJC_ARC = YES;
				CLANG_ENABLE_OBJC_WEAK = YES;
				CLANG_WARN_BLOCK_CAPTURE_AUTORELEASING = YES;
				CLANG_WARN_BOOL_CONVERSION = YES;
				CLANG_WARN_COMMA = YES;
				CLANG_WARN_CONSTANT_CONVERSION = YES;
				CLANG_WARN_DEPRECATED_OBJC_IMPLEMENTATIONS = YES;
				CLANG_WARN_DIRECT_OBJC_ISA_USAGE = YES_ERROR;
				CLANG_WARN_DOCUMENTATION_COMMENTS = YES;
				CLANG_WARN_EMPTY_BODY = YES;
				CLANG_WARN_ENUM_CONVERSION = YES;
				CLANG_WARN_INFINITE_RECURSION = YES;
				CLANG_WARN_INT_CONVERSION = YES;
				CLANG_WARN_NON_LITERAL_NULL_CONVERSION = YES;
				CLANG_WARN_OBJC_IMPLICIT_RETAIN_SELF = YES;
				CLANG_WARN_OBJC_LITERAL_CONVERSION = YES;
				CLANG_WARN_OBJC_ROOT_CLASS = YES_ERROR;
				CLANG_WARN_QUOTED_INCLUDE_IN_FRAMEWORK_HEADER = YES;
				CLANG_WARN_RANGE_LOOP_ANALYSIS = YES;
				CLANG_WARN_STRICT_PROTOTYPES = YES;
				CLANG_WARN_SUSPICIOUS_MOVE = YES;
				CLANG_WARN_UNGUARDED_AVAILABILITY = YES_AGGRESSIVE;
				CLANG_WARN_UNREACHABLE_CODE = YES;
				CLANG_WARN__DUPLICATE_METHOD_MATCH = YES;
				COPY_PHASE_STRIP = NO;
				DEBUG_INFORMATION_FORMAT = "dwarf-with-dsym";
				ENABLE_NS_ASSERTIONS = NO;
				ENABLE_STRICT_OBJC_MSGSEND = YES;
				GCC_C_LANGUAGE_STANDARD = gnu11;
				GCC_NO_COMMON_BLOCKS = YES;
				GCC_WARN_64_TO_32_BIT_CONVERSION = YES;
				GCC_WARN_ABOUT_RETURN_TYPE = YES_ERROR;
				GCC_WARN_UNDECLARED_SELECTOR = YES;
				GCC_WARN_UNINITIALIZED_AUTOS = YES_AGGRESSIVE;
				GCC_WARN_UNUSED_FUNCTION = YES;
				GCC_WARN_UNUSED_VARIABLE = YES;
				IPHONEOS_DEPLOYMENT_TARGET = 16.2;
				MTL_ENABLE_DEBUG_INFO = NO;
				MTL_FAST_MATH = YES;
				SDKROOT = iphoneos;
				SWIFT_COMPILATION_MODE = wholemodule;
				SWIFT_OPTIMIZATION_LEVEL = "-O";
				VALIDATE_PRODUCT = YES;
			};
			name = Release;
		};
		4EAC5861297D3F87009D6AF1 /* Debug */ = {
			isa = XCBuildConfiguration;
			buildSettings = {
				ASSETCATALOG_COMPILER_APPICON_NAME = AppIcon;
				ASSETCATALOG_COMPILER_GLOBAL_ACCENT_COLOR_NAME = AccentColor;
				CODE_SIGN_STYLE = Automatic;
				CURRENT_PROJECT_VERSION = 1;
				DEVELOPMENT_ASSET_PATHS = "\"TaskManagementApp/Preview Content\"";
				DEVELOPMENT_TEAM = VWD3W6VA3Y;
				ENABLE_PREVIEWS = YES;
				GENERATE_INFOPLIST_FILE = YES;
				INFOPLIST_FILE = TaskManagementApp/Info.plist;
				INFOPLIST_KEY_UIApplicationSceneManifest_Generation = YES;
				INFOPLIST_KEY_UIApplicationSupportsIndirectInputEvents = YES;
				INFOPLIST_KEY_UILaunchScreen_Generation = YES;
				INFOPLIST_KEY_UISupportedInterfaceOrientations_iPad = "UIInterfaceOrientationPortrait UIInterfaceOrientationPortraitUpsideDown UIInterfaceOrientationLandscapeLeft UIInterfaceOrientationLandscapeRight";
				INFOPLIST_KEY_UISupportedInterfaceOrientations_iPhone = "UIInterfaceOrientationPortrait UIInterfaceOrientationLandscapeLeft UIInterfaceOrientationLandscapeRight";
				LD_RUNPATH_SEARCH_PATHS = (
					"$(inherited)",
					"@executable_path/Frameworks",
				);
				MARKETING_VERSION = 1.0;
				PRODUCT_BUNDLE_IDENTIFIER = vladponcea.TaskManagementApp;
				PRODUCT_NAME = "$(TARGET_NAME)";
				SWIFT_EMIT_LOC_STRINGS = YES;
				SWIFT_VERSION = 5.0;
				TARGETED_DEVICE_FAMILY = "1,2";
			};
			name = Debug;
		};
		4EAC5862297D3F87009D6AF1 /* Release */ = {
			isa = XCBuildConfiguration;
			buildSettings = {
				ASSETCATALOG_COMPILER_APPICON_NAME = AppIcon;
				ASSETCATALOG_COMPILER_GLOBAL_ACCENT_COLOR_NAME = AccentColor;
				CODE_SIGN_STYLE = Automatic;
				CURRENT_PROJECT_VERSION = 1;
				DEVELOPMENT_ASSET_PATHS = "\"TaskManagementApp/Preview Content\"";
				DEVELOPMENT_TEAM = VWD3W6VA3Y;
				ENABLE_PREVIEWS = YES;
				GENERATE_INFOPLIST_FILE = YES;
				INFOPLIST_FILE = TaskManagementApp/Info.plist;
				INFOPLIST_KEY_UIApplicationSceneManifest_Generation = YES;
				INFOPLIST_KEY_UIApplicationSupportsIndirectInputEvents = YES;
				INFOPLIST_KEY_UILaunchScreen_Generation = YES;
				INFOPLIST_KEY_UISupportedInterfaceOrientations_iPad = "UIInterfaceOrientationPortrait UIInterfaceOrientationPortraitUpsideDown UIInterfaceOrientationLandscapeLeft UIInterfaceOrientationLandscapeRight";
				INFOPLIST_KEY_UISupportedInterfaceOrientations_iPhone = "UIInterfaceOrientationPortrait UIInterfaceOrientationLandscapeLeft UIInterfaceOrientationLandscapeRight";
				LD_RUNPATH_SEARCH_PATHS = (
					"$(inherited)",
					"@executable_path/Frameworks",
				);
				MARKETING_VERSION = 1.0;
				PRODUCT_BUNDLE_IDENTIFIER = vladponcea.TaskManagementApp;
				PRODUCT_NAME = "$(TARGET_NAME)";
				SWIFT_EMIT_LOC_STRINGS = YES;
				SWIFT_VERSION = 5.0;
				TARGETED_DEVICE_FAMILY = "1,2";
			};
			name = Release;
		};
/* End XCBuildConfiguration section */

/* Begin XCConfigurationList section */
		4EAC584D297D3F86009D6AF1 /* Build configuration list for PBXProject "TaskManagementApp" */ = {
			isa = XCConfigurationList;
			buildConfigurations = (
				4EAC585E297D3F87009D6AF1 /* Debug */,
				4EAC585F297D3F87009D6AF1 /* Release */,
			);
			defaultConfigurationIsVisible = 0;
			defaultConfigurationName = Release;
		};
		4EAC5860297D3F87009D6AF1 /* Build configuration list for PBXNativeTarget "TaskManagementApp" */ = {
			isa = XCConfigurationList;
			buildConfigurations = (
				4EAC5861297D3F87009D6AF1 /* Debug */,
				4EAC5862297D3F87009D6AF1 /* Release */,
			);
			defaultConfigurationIsVisible = 0;
			defaultConfigurationName = Release;
		};
/* End XCConfigurationList section */
	};
	rootObject = 4EAC584A297D3F86009D6AF1 /* Project object */;
}
